
Microsoft Visual Studio Solution File, Format Version 12.00
# Visual Studio 15
VisualStudioVersion = 15.0.27004.2008
MinimumVisualStudioVersion = 10.0.40219.1
Project("{FAE04EC0-301F-11D3-BF4B-00C04F79EFBC}") = "Travel Website", "Travel Website\Travel Website.csproj", "{359927A9-476E-41CC-B7F3-55EEB3E97FC2}"
EndProject
Global
	GlobalSection(SolutionConfigurationPlatforms) = preSolution
		Debug|Any CPU = Debug|Any CPU
		Release|Any CPU = Release|Any CPU
	EndGlobalSection
	GlobalSection(ProjectConfigurationPlatforms) = postSolution
		{359927A9-476E-41CC-B7F3-55EEB3E97FC2}.Debug|Any CPU.ActiveCfg = Debug|Any CPU
		{359927A9-476E-41CC-B7F3-55EEB3E97FC2}.Debug|Any CPU.Build.0 = Debug|Any CPU
		{359927A9-476E-41CC-B7F3-55EEB3E97FC2}.Release|Any CPU.ActiveCfg = Release|Any CPU
		{359927A9-476E-41CC-B7F3-55EEB3E97FC2}.Release|Any CPU.Build.0 = Release|Any CPU
	EndGlobalSection
	GlobalSection(SolutionProperties) = preSolution
		HideSolutionNode = FALSE
	EndGlobalSection
	GlobalSection(ExtensibilityGlobals) = postSolution
		SolutionGuid = {FD2CD92C-82E1-41BD-9F45-DE6E7508A858}
	EndGlobalSection
EndGlobal
